PODS:
  - Agora-Scene-Utils (1.0.2)
  - AgoraRtcEngine_iOS_Preview (4.0.0.preview.5)
  - AgoraRtm_iOS (1.4.10)
  - AgoraSyncKit (1.0.0)
  - MBProgressHUD (1.2.0)

DEPENDENCIES:
  - Agora-Scene-Utils (~> 1.0.2)
  - AgoraRtcEngine_iOS_Preview (= 4.0.0.preview.5)
  - AgoraRtm_iOS (~> 1.4.9)
  - AgoraSyncKit (from `~/Desktop/SyncKit/AgoraSyncKit.podspec`)
  - MBProgressHUD (~> 1.2.0)

SPEC REPOS:
  https://github.com/CocoaPods/Specs.git:
    - Agora-Scene-Utils
    - AgoraRtcEngine_iOS_Preview
    - AgoraRtm_iOS
    - MBProgressHUD

EXTERNAL SOURCES:
  AgoraSyncKit:
    :path: "~/Desktop/SyncKit/AgoraSyncKit.podspec"

SPEC CHECKSUMS:
  Agora-Scene-Utils: 2a2cab06ef02607a160a0d4c3f6db337bd8150cd
  AgoraRtcEngine_iOS_Preview: 59896a76a09cc04aa1426c2f1964d5dbe6cc9717
  AgoraRtm_iOS: 95e7070466f42a6494435a7f39fd2b13fc143cbf
  AgoraSyncKit: cf300cae7b52da1dc29d5d6a5b0736be822dfb2b
  MBProgressHUD: 3ee5efcc380f6a79a7cc9b363dd669c5e1ae7406

PODFILE CHECKSUM: 264a33888029fe53b0753ced9221c1b6a85a5601

COCOAPODS: 1.11.2
